
Microsoft Visual Studio Solution File, Format Version 12.00
# Visual Studio Version 17
VisualStudioVersion = 17.4.33110.190
MinimumVisualStudioVersion = 10.0.40219.1
Project("{FAE04EC0-301F-11D3-BF4B-00C04F79EFBC}") = "Demo2", "Demo2\Demo2.csproj", "{54A50DEE-C861-47CA-833E-64AD319C7B53}"
EndProject
Global
	GlobalSection(SolutionConfigurationPlatforms) = preSolution
		Debug|Any CPU = Debug|Any CPU
		Release|Any CPU = Release|Any CPU
	EndGlobalSection
	GlobalSection(ProjectConfigurationPlatforms) = postSolution
		{54A50DEE-C861-47CA-833E-64AD319C7B53}.Debug|Any CPU.ActiveCfg = Debug|Any CPU
		{54A50DEE-C861-47CA-833E-64AD319C7B53}.Debug|Any CPU.Build.0 = Debug|Any CPU
		{54A50DEE-C861-47CA-833E-64AD319C7B53}.Release|Any CPU.ActiveCfg = Release|Any CPU
		{54A50DEE-C861-47CA-833E-64AD319C7B53}.Release|Any CPU.Build.0 = Release|Any CPU
	EndGlobalSection
	GlobalSection(SolutionProperties) = preSolution
		HideSolutionNode = FALSE
	EndGlobalSection
	GlobalSection(ExtensibilityGlobals) = postSolution
		SolutionGuid = {F45391C5-36A6-4B45-9150-B87651789B12}
	EndGlobalSection
EndGlobal
